
Microsoft Visual Studio Solution File, Format Version 12.00
# Visual Studio Version 16
VisualStudioVersion = 16.0.31515.178
MinimumVisualStudioVersion = 10.0.40219.1
Project("{FAE04EC0-301F-11D3-BF4B-00C04F79EFBC}") = "MovieLib.ConsoleHost", "MovieLib.ConsoleHost\MovieLib.ConsoleHost.csproj", "{43E3EC7C-F995-4523-BA39-C0A870C517C0}"
EndProject
Global
	GlobalSection(SolutionConfigurationPlatforms) = preSolution
		Debug|Any CPU = Debug|Any CPU
		Release|Any CPU = Release|Any CPU
	EndGlobalSection
	GlobalSection(ProjectConfigurationPlatforms) = postSolution
		{43E3EC7C-F995-4523-BA39-C0A870C517C0}.Debug|Any CPU.ActiveCfg = Debug|Any CPU
		{43E3EC7C-F995-4523-BA39-C0A870C517C0}.Debug|Any CPU.Build.0 = Debug|Any CPU
		{43E3EC7C-F995-4523-BA39-C0A870C517C0}.Release|Any CPU.ActiveCfg = Release|Any CPU
		{43E3EC7C-F995-4523-BA39-C0A870C517C0}.Release|Any CPU.Build.0 = Release|Any CPU
	EndGlobalSection
	GlobalSection(SolutionProperties) = preSolution
		HideSolutionNode = FALSE
	EndGlobalSection
	GlobalSection(ExtensibilityGlobals) = postSolution
		SolutionGuid = {09904366-0813-42AE-AA0F-948DA7F39DE6}
	EndGlobalSection
EndGlobal
